{
    "_meta": {
        "hash": {
            "sha256": "e2db502de43e9c6120154b6e8e406c08a0e2f2f6ce8dd74d8ca4bb9f605208e4"
        },
        "requires": {
            "python_version": "3.6"
        },
        "sources": [
            {
                "url": "https://pypi.python.org/simple",
                "verify_ssl": true
            }
        ]
    },
    "default": {
        "attrs": {
            "version": "==17.2.0"
        },
        "automat": {
            "version": "==0.6.0"
        },
        "click": {
            "version": "==6.7"
        },
        "colorlog": {
            "version": "==3.1.0"
        },
        "constantly": {
            "version": "==15.1.0"
        },
        "flask": {
            "version": "==0.12.2"
        },
        "glob2": {
            "version": "==0.6"
        },
        "hyperlink": {
            "version": "==17.3.1"
        },
        "incremental": {
            "version": "==17.5.0"
        },
        "itsdangerous": {
            "version": "==0.24"
        },
        "jinja2": {
            "version": "==2.9.6"
        },
        "klein": {
            "version": "==17.2.0"
        },
        "markupsafe": {
            "version": "==1.0"
        },
        "pathlib2": {
            "version": "==2.3.0"
        },
        "pbr": {
            "version": "==3.1.1"
        },
        "scandir": {
            "version": "==1.6"
        },
        "setuptools": {
            "version": "==36.6.0"
        },
        "six": {
            "version": "==1.11.0"
        },
        "subliminal": {
            "git": "https://github.com/stibbons/subliminal"
        },
        "twisted": {
            "version": "==17.9.0"
        },
        "txwebbackendbase": {
            "version": "==0.1.3"
        },
        "werkzeug": {
            "version": "==0.12.2"
        },
        "zope.interface": {
            "version": "==4.4.3"
        }
    },
    "develop": {
        "-e .": "*",
        "asn1crypto": {
            "version": "==0.23.0"
        },
        "astroid": {
            "version": "==1.5.3"
        },
        "autopep8": {
            "version": "==1.3.3"
        },
        "backports.functools-lru-cache": {
            "version": "==1.4"
        },
        "cffi": {
            "version": "==1.11.2"
        },
        "configparser": {
            "version": "==3.5.0"
        },
        "cryptography": {
            "version": "==2.1.1"
        },
        "enum34": {
            "version": "==1.1.6"
        },
        "flake8": {
            "version": "==3.4.1"
        },
        "idna": {
            "version": "==2.6"
        },
        "ipaddress": {
            "version": "==1.0.18"
        },
        "isort": {
            "version": "==4.2.15"
        },
        "lazy-object-proxy": {
            "version": "==1.3.1"
        },
        "mccabe": {
            "version": "==0.6.1"
        },
        "pandoc": {
            "version": "==1.0.2"
        },
        "pluggy": {
            "version": "==0.5.2"
        },
        "ply": {
            "version": "==3.10"
        },
        "py": {
            "version": "==1.4.34"
        },
        "pycodestyle": {
            "version": "==2.3.1"
        },
        "pycparser": {
            "version": "==2.18"
        },
        "pyflakes": {
            "version": "==1.5.0"
        },
        "pylint": {
            "version": "==1.7.4"
        },
        "pytest": {
            "version": "==3.2.3"
        },
        "pyyaml": {
            "version": "==3.12"
        },
        "setuptools": {
            "version": "==36.6.0"
        },
        "singledispatch": {
            "version": "==3.4.0.3"
        },
        "six": {
            "version": "==1.11.0"
        },
        "tox": {
            "version": "==2.9.1"
        },
        "virtualenv": {
            "version": "==15.1.0"
        },
        "wrapt": {
            "version": "==1.10.11"
        },
        "yapf": {
            "version": "==0.19.0"
        }
    }
}
